
Microsoft Visual Studio Solution File, Format Version 12.00
# Visual Studio 14
VisualStudioVersion = 14.0.24720.0
MinimumVisualStudioVersion = 10.0.40219.1
Project("{FAE04EC0-301F-11D3-BF4B-00C04F79EFBC}") = "Sandbox.Web", "Sandbox.Web\Sandbox.Web.csproj", "{E24E1CF5-C455-47FC-B096-1A4EEFAE6DD5}"
EndProject
Project("{FAE04EC0-301F-11D3-BF4B-00C04F79EFBC}") = "Sandbox.Web.Tests", "Sandbox.Web.Tests\Sandbox.Web.Tests.csproj", "{5534A573-77DD-4F4B-A55F-1C7EC9AC2E4B}"
EndProject
Project("{2150E333-8FDC-42A3-9474-1A3956D46DE8}") = "Infra", "Infra", "{551A8E77-A45F-4B87-A59F-C173E24B9646}"
EndProject
Project("{FAE04EC0-301F-11D3-BF4B-00C04F79EFBC}") = "Infra", "Infra\Infra\Infra.csproj", "{B120D3B2-B734-4A4C-98BC-9D03ABCF5419}"
EndProject
Project("{FAE04EC0-301F-11D3-BF4B-00C04F79EFBC}") = "Infra.Authentications", "Infra\Infra.Authentications\Infra.Authentications.csproj", "{0114898A-AFCB-409C-935C-815D66B8055B}"
EndProject
Project("{FAE04EC0-301F-11D3-BF4B-00C04F79EFBC}") = "Infra.Authentications.Identity", "Infra\Infra.Authentications.Identity\Infra.Authentications.Identity.csproj", "{B73398E3-6D6A-4CF1-B51A-35289068A869}"
EndProject
Project("{FAE04EC0-301F-11D3-BF4B-00C04F79EFBC}") = "Infra.Events", "Infra\Infra.Events\Infra.Events.csproj", "{1F945ABE-F634-4A2B-9EA5-52C7696CBC94}"
EndProject
Project("{FAE04EC0-301F-11D3-BF4B-00C04F79EFBC}") = "Infra.IoC", "Infra\Infra.IoC\Infra.IoC.csproj", "{70F90331-B8DE-4CE9-9866-79ED810E3561}"
EndProject
Project("{FAE04EC0-301F-11D3-BF4B-00C04F79EFBC}") = "Infra.Mixins", "Infra\Infra.Mixins\Infra.Mixins.csproj", "{0D05724D-2B92-4F09-A53F-044E450BA106}"
EndProject
Project("{FAE04EC0-301F-11D3-BF4B-00C04F79EFBC}") = "Infra.Logs", "Infra\Infra.Logs\Infra.Logs.csproj", "{36757B22-00E5-464C-B946-3CFC03184576}"
EndProject
Project("{FAE04EC0-301F-11D3-BF4B-00C04F79EFBC}") = "Infra.Logs.EF6", "Infra\Infra.Logs.EF6\Infra.Logs.EF6.csproj", "{0723EB35-BCB6-48CE-8AA1-4DB830A10005}"
EndProject
Project("{2150E333-8FDC-42A3-9474-1A3956D46DE8}") = "Tests", "Tests", "{1C74F95B-BB5A-4967-8B9E-9CDC6600A382}"
EndProject
Project("{FAE04EC0-301F-11D3-BF4B-00C04F79EFBC}") = "Infra.Events.Tests", "Infra\Tests\Infra.Events.Tests\Infra.Events.Tests.csproj", "{7D0576FE-6579-438F-A379-1E926B8BABDD}"
EndProject
Project("{FAE04EC0-301F-11D3-BF4B-00C04F79EFBC}") = "Infra.IoC.Tests", "Infra\Tests\Infra.IoC.Tests\Infra.IoC.Tests.csproj", "{B27FBD9D-3EC7-4D24-A43A-28E74F338EA4}"
EndProject
Project("{FAE04EC0-301F-11D3-BF4B-00C04F79EFBC}") = "Infra.Mixins.Tests", "Infra\Tests\Infra.Mixins.Tests\Infra.Mixins.Tests.csproj", "{EB08651E-AF9C-454C-8163-EF7E3EE7C660}"
EndProject
Global
	GlobalSection(SolutionConfigurationPlatforms) = preSolution
		Debug|Any CPU = Debug|Any CPU
		Release|Any CPU = Release|Any CPU
	EndGlobalSection
	GlobalSection(ProjectConfigurationPlatforms) = postSolution
		{E24E1CF5-C455-47FC-B096-1A4EEFAE6DD5}.Debug|Any CPU.ActiveCfg = Debug|Any CPU
		{E24E1CF5-C455-47FC-B096-1A4EEFAE6DD5}.Debug|Any CPU.Build.0 = Debug|Any CPU
		{E24E1CF5-C455-47FC-B096-1A4EEFAE6DD5}.Release|Any CPU.ActiveCfg = Release|Any CPU
		{E24E1CF5-C455-47FC-B096-1A4EEFAE6DD5}.Release|Any CPU.Build.0 = Release|Any CPU
		{5534A573-77DD-4F4B-A55F-1C7EC9AC2E4B}.Debug|Any CPU.ActiveCfg = Debug|Any CPU
		{5534A573-77DD-4F4B-A55F-1C7EC9AC2E4B}.Debug|Any CPU.Build.0 = Debug|Any CPU
		{5534A573-77DD-4F4B-A55F-1C7EC9AC2E4B}.Release|Any CPU.ActiveCfg = Release|Any CPU
		{5534A573-77DD-4F4B-A55F-1C7EC9AC2E4B}.Release|Any CPU.Build.0 = Release|Any CPU
		{B120D3B2-B734-4A4C-98BC-9D03ABCF5419}.Debug|Any CPU.ActiveCfg = Debug|Any CPU
		{B120D3B2-B734-4A4C-98BC-9D03ABCF5419}.Debug|Any CPU.Build.0 = Debug|Any CPU
		{B120D3B2-B734-4A4C-98BC-9D03ABCF5419}.Release|Any CPU.ActiveCfg = Release|Any CPU
		{B120D3B2-B734-4A4C-98BC-9D03ABCF5419}.Release|Any CPU.Build.0 = Release|Any CPU
		{0114898A-AFCB-409C-935C-815D66B8055B}.Debug|Any CPU.ActiveCfg = Debug|Any CPU
		{0114898A-AFCB-409C-935C-815D66B8055B}.Debug|Any CPU.Build.0 = Debug|Any CPU
		{0114898A-AFCB-409C-935C-815D66B8055B}.Release|Any CPU.ActiveCfg = Release|Any CPU
		{0114898A-AFCB-409C-935C-815D66B8055B}.Release|Any CPU.Build.0 = Release|Any CPU
		{B73398E3-6D6A-4CF1-B51A-35289068A869}.Debug|Any CPU.ActiveCfg = Debug|Any CPU
		{B73398E3-6D6A-4CF1-B51A-35289068A869}.Debug|Any CPU.Build.0 = Debug|Any CPU
		{B73398E3-6D6A-4CF1-B51A-35289068A869}.Release|Any CPU.ActiveCfg = Release|Any CPU
		{B73398E3-6D6A-4CF1-B51A-35289068A869}.Release|Any CPU.Build.0 = Release|Any CPU
		{1F945ABE-F634-4A2B-9EA5-52C7696CBC94}.Debug|Any CPU.ActiveCfg = Debug|Any CPU
		{1F945ABE-F634-4A2B-9EA5-52C7696CBC94}.Debug|Any CPU.Build.0 = Debug|Any CPU
		{1F945ABE-F634-4A2B-9EA5-52C7696CBC94}.Release|Any CPU.ActiveCfg = Release|Any CPU
		{1F945ABE-F634-4A2B-9EA5-52C7696CBC94}.Release|Any CPU.Build.0 = Release|Any CPU
		{70F90331-B8DE-4CE9-9866-79ED810E3561}.Debug|Any CPU.ActiveCfg = Debug|Any CPU
		{70F90331-B8DE-4CE9-9866-79ED810E3561}.Debug|Any CPU.Build.0 = Debug|Any CPU
		{70F90331-B8DE-4CE9-9866-79ED810E3561}.Release|Any CPU.ActiveCfg = Release|Any CPU
		{70F90331-B8DE-4CE9-9866-79ED810E3561}.Release|Any CPU.Build.0 = Release|Any CPU
		{0D05724D-2B92-4F09-A53F-044E450BA106}.Debug|Any CPU.ActiveCfg = Debug|Any CPU
		{0D05724D-2B92-4F09-A53F-044E450BA106}.Debug|Any CPU.Build.0 = Debug|Any CPU
		{0D05724D-2B92-4F09-A53F-044E450BA106}.Release|Any CPU.ActiveCfg = Release|Any CPU
		{0D05724D-2B92-4F09-A53F-044E450BA106}.Release|Any CPU.Build.0 = Release|Any CPU
		{36757B22-00E5-464C-B946-3CFC03184576}.Debug|Any CPU.ActiveCfg = Debug|Any CPU
		{36757B22-00E5-464C-B946-3CFC03184576}.Debug|Any CPU.Build.0 = Debug|Any CPU
		{36757B22-00E5-464C-B946-3CFC03184576}.Release|Any CPU.ActiveCfg = Release|Any CPU
		{36757B22-00E5-464C-B946-3CFC03184576}.Release|Any CPU.Build.0 = Release|Any CPU
		{0723EB35-BCB6-48CE-8AA1-4DB830A10005}.Debug|Any CPU.ActiveCfg = Debug|Any CPU
		{0723EB35-BCB6-48CE-8AA1-4DB830A10005}.Debug|Any CPU.Build.0 = Debug|Any CPU
		{0723EB35-BCB6-48CE-8AA1-4DB830A10005}.Release|Any CPU.ActiveCfg = Release|Any CPU
		{0723EB35-BCB6-48CE-8AA1-4DB830A10005}.Release|Any CPU.Build.0 = Release|Any CPU
		{7D0576FE-6579-438F-A379-1E926B8BABDD}.Debug|Any CPU.ActiveCfg = Debug|Any CPU
		{7D0576FE-6579-438F-A379-1E926B8BABDD}.Debug|Any CPU.Build.0 = Debug|Any CPU
		{7D0576FE-6579-438F-A379-1E926B8BABDD}.Release|Any CPU.ActiveCfg = Release|Any CPU
		{7D0576FE-6579-438F-A379-1E926B8BABDD}.Release|Any CPU.Build.0 = Release|Any CPU
		{B27FBD9D-3EC7-4D24-A43A-28E74F338EA4}.Debug|Any CPU.ActiveCfg = Debug|Any CPU
		{B27FBD9D-3EC7-4D24-A43A-28E74F338EA4}.Debug|Any CPU.Build.0 = Debug|Any CPU
		{B27FBD9D-3EC7-4D24-A43A-28E74F338EA4}.Release|Any CPU.ActiveCfg = Release|Any CPU
		{B27FBD9D-3EC7-4D24-A43A-28E74F338EA4}.Release|Any CPU.Build.0 = Release|Any CPU
		{EB08651E-AF9C-454C-8163-EF7E3EE7C660}.Debug|Any CPU.ActiveCfg = Debug|Any CPU
		{EB08651E-AF9C-454C-8163-EF7E3EE7C660}.Debug|Any CPU.Build.0 = Debug|Any CPU
		{EB08651E-AF9C-454C-8163-EF7E3EE7C660}.Release|Any CPU.ActiveCfg = Release|Any CPU
		{EB08651E-AF9C-454C-8163-EF7E3EE7C660}.Release|Any CPU.Build.0 = Release|Any CPU
	EndGlobalSection
	GlobalSection(SolutionProperties) = preSolution
		HideSolutionNode = FALSE
	EndGlobalSection
	GlobalSection(NestedProjects) = preSolution
		{B120D3B2-B734-4A4C-98BC-9D03ABCF5419} = {551A8E77-A45F-4B87-A59F-C173E24B9646}
		{0114898A-AFCB-409C-935C-815D66B8055B} = {551A8E77-A45F-4B87-A59F-C173E24B9646}
		{B73398E3-6D6A-4CF1-B51A-35289068A869} = {551A8E77-A45F-4B87-A59F-C173E24B9646}
		{1F945ABE-F634-4A2B-9EA5-52C7696CBC94} = {551A8E77-A45F-4B87-A59F-C173E24B9646}
		{70F90331-B8DE-4CE9-9866-79ED810E3561} = {551A8E77-A45F-4B87-A59F-C173E24B9646}
		{0D05724D-2B92-4F09-A53F-044E450BA106} = {551A8E77-A45F-4B87-A59F-C173E24B9646}
		{36757B22-00E5-464C-B946-3CFC03184576} = {551A8E77-A45F-4B87-A59F-C173E24B9646}
		{0723EB35-BCB6-48CE-8AA1-4DB830A10005} = {551A8E77-A45F-4B87-A59F-C173E24B9646}
		{1C74F95B-BB5A-4967-8B9E-9CDC6600A382} = {551A8E77-A45F-4B87-A59F-C173E24B9646}
		{7D0576FE-6579-438F-A379-1E926B8BABDD} = {1C74F95B-BB5A-4967-8B9E-9CDC6600A382}
		{B27FBD9D-3EC7-4D24-A43A-28E74F338EA4} = {1C74F95B-BB5A-4967-8B9E-9CDC6600A382}
		{EB08651E-AF9C-454C-8163-EF7E3EE7C660} = {1C74F95B-BB5A-4967-8B9E-9CDC6600A382}
	EndGlobalSection
EndGlobal
